
Microsoft Visual Studio Solution File, Format Version 12.00
# Visual Studio Version 17
VisualStudioVersion = 17.6.33801.468
MinimumVisualStudioVersion = 10.0.40219.1
Project("{9A19103F-16F7-4668-BE54-9A1E7A4F7556}") = "EFAzureSQLDemo", "EFAzureSQLDemo.csproj", "{2A80A25E-04DA-4B05-99CB-7B1C78C43EFE}"
EndProject
Global
	GlobalSection(SolutionConfigurationPlatforms) = preSolution
		Debug|Any CPU = Debug|Any CPU
		Release|Any CPU = Release|Any CPU
	EndGlobalSection
	GlobalSection(ProjectConfigurationPlatforms) = postSolution
		{2A80A25E-04DA-4B05-99CB-7B1C78C43EFE}.Debug|Any CPU.ActiveCfg = Debug|Any CPU
		{2A80A25E-04DA-4B05-99CB-7B1C78C43EFE}.Debug|Any CPU.Build.0 = Debug|Any CPU
		{2A80A25E-04DA-4B05-99CB-7B1C78C43EFE}.Release|Any CPU.ActiveCfg = Release|Any CPU
		{2A80A25E-04DA-4B05-99CB-7B1C78C43EFE}.Release|Any CPU.Build.0 = Release|Any CPU
	EndGlobalSection
	GlobalSection(SolutionProperties) = preSolution
		HideSolutionNode = FALSE
	EndGlobalSection
	GlobalSection(ExtensibilityGlobals) = postSolution
		SolutionGuid = {A489C699-F8E4-4EA5-A780-B22E80DBFBBA}
	EndGlobalSection
EndGlobal
